// !$*UTF8*$!
{
	archiveVersion = 1;
	classes = {
	};
	objectVersion = 46;
	objects = {

/* Begin PBXBuildFile section */
		0FF3B6601E1DBF7D01B6AB9C /* Pods_WeatherAlertTests.framework in Frameworks */ = {isa = PBXBuildFile; fileRef = 5A2222CFC717BD8B9CE9FD0D /* Pods_WeatherAlertTests.framework */; };
		55E6F4BD797849499A262428 /* Pods_WeatherAlert.framework in Frameworks */ = {isa = PBXBuildFile; fileRef = 4EA52111F1B6109038B1C803 /* Pods_WeatherAlert.framework */; };
		5F13DFC01CE7741F005F9403 /* city.list.json in Resources */ = {isa = PBXBuildFile; fileRef = 5F13DFBF1CE7741F005F9403 /* city.list.json */; };
		5F3BD5211CE7F6630025BEBD /* WeatherTableViewController.swift in Sources */ = {isa = PBXBuildFile; fileRef = 5F3BD5201CE7F6630025BEBD /* WeatherTableViewController.swift */; };
		5F3BD5231CE86EAA0025BEBD /* CitiesSearchTableViewController.swift in Sources */ = {isa = PBXBuildFile; fileRef = 5F3BD5221CE86EAA0025BEBD /* CitiesSearchTableViewController.swift */; };
		5F3BD5241CE870290025BEBD /* CityListHandler.swift in Sources */ = {isa = PBXBuildFile; fileRef = 5FB4959B1CE7662300E01C48 /* CityListHandler.swift */; };
		5F3BD5251CE8702C0025BEBD /* City.swift in Sources */ = {isa = PBXBuildFile; fileRef = 5FB4959D1CE7684100E01C48 /* City.swift */; };
		5F3BD5271CE88D030025BEBD /* CoreDataTests.swift in Sources */ = {isa = PBXBuildFile; fileRef = 5F3BD5261CE88D030025BEBD /* CoreDataTests.swift */; };
		5F3BD5291CE89F810025BEBD /* CityWeatherObject.json in Resources */ = {isa = PBXBuildFile; fileRef = 5F3BD5281CE89F810025BEBD /* CityWeatherObject.json */; };
		5F3BD52C1CE8C4290025BEBD /* CoreDataManager.swift in Sources */ = {isa = PBXBuildFile; fileRef = 5F3BD52B1CE8C4290025BEBD /* CoreDataManager.swift */; };
		5F3BD5341CE8C68F0025BEBD /* Weather.swift in Sources */ = {isa = PBXBuildFile; fileRef = 5F3BD52E1CE8C68F0025BEBD /* Weather.swift */; };
		5F3BD5361CE8C68F0025BEBD /* Wind.swift in Sources */ = {isa = PBXBuildFile; fileRef = 5F3BD5301CE8C68F0025BEBD /* Wind.swift */; };
		5F3BD5381CE8C68F0025BEBD /* CityWeather.swift in Sources */ = {isa = PBXBuildFile; fileRef = 5F3BD5321CE8C68F0025BEBD /* CityWeather.swift */; };
		5F3BD5431CE8C7800025BEBD /* CityWeather+CoreDataProperties.swift in Sources */ = {isa = PBXBuildFile; fileRef = 5F3BD5401CE8C7800025BEBD /* CityWeather+CoreDataProperties.swift */; };
		5F3BD5441CE8C7800025BEBD /* Weather+CoreDataProperties.swift in Sources */ = {isa = PBXBuildFile; fileRef = 5F3BD5411CE8C7800025BEBD /* Weather+CoreDataProperties.swift */; };
		5F3BD5451CE8C7800025BEBD /* Wind+CoreDataProperties.swift in Sources */ = {isa = PBXBuildFile; fileRef = 5F3BD5421CE8C7800025BEBD /* Wind+CoreDataProperties.swift */; };
		5F3BD5471CE8D6BC0025BEBD /* CDExtensions.swift in Sources */ = {isa = PBXBuildFile; fileRef = 5F3BD5461CE8D6BC0025BEBD /* CDExtensions.swift */; };
		5FB495651CE736AD00E01C48 /* AppDelegate.swift in Sources */ = {isa = PBXBuildFile; fileRef = 5FB495641CE736AD00E01C48 /* AppDelegate.swift */; };
		5FB4956A1CE736AD00E01C48 /* Main.storyboard in Resources */ = {isa = PBXBuildFile; fileRef = 5FB495681CE736AD00E01C48 /* Main.storyboard */; };
		5FB4956D1CE736AD00E01C48 /* WeatherAlert.xcdatamodeld in Sources */ = {isa = PBXBuildFile; fileRef = 5FB4956B1CE736AD00E01C48 /* WeatherAlert.xcdatamodeld */; };
		5FB4956F1CE736AD00E01C48 /* Assets.xcassets in Resources */ = {isa = PBXBuildFile; fileRef = 5FB4956E1CE736AD00E01C48 /* Assets.xcassets */; };
		5FB495721CE736AD00E01C48 /* LaunchScreen.storyboard in Resources */ = {isa = PBXBuildFile; fileRef = 5FB495701CE736AD00E01C48 /* LaunchScreen.storyboard */; };
		5FB4957D1CE736AD00E01C48 /* WeatherAlertTests.swift in Sources */ = {isa = PBXBuildFile; fileRef = 5FB4957C1CE736AD00E01C48 /* WeatherAlertTests.swift */; };
		5FB495881CE736AD00E01C48 /* WeatherAlertUITests.swift in Sources */ = {isa = PBXBuildFile; fileRef = 5FB495871CE736AD00E01C48 /* WeatherAlertUITests.swift */; };
		5FB495961CE74B6500E01C48 /* CityListHandlerTests.swift in Sources */ = {isa = PBXBuildFile; fileRef = 5FB495951CE74B6500E01C48 /* CityListHandlerTests.swift */; };
		5FC6AA4E1CE8F947002A7AF0 /* APITests.swift in Sources */ = {isa = PBXBuildFile; fileRef = 5FC6AA4D1CE8F947002A7AF0 /* APITests.swift */; };
		5FC6AA511CE8FA5D002A7AF0 /* API.swift in Sources */ = {isa = PBXBuildFile; fileRef = 5FC6AA501CE8FA5D002A7AF0 /* API.swift */; };
		CEF479777F28FC5215F5C022 /* Pods_WeatherAlertUITests.framework in Frameworks */ = {isa = PBXBuildFile; fileRef = B2A47B0FC437315FBADD7075 /* Pods_WeatherAlertUITests.framework */; };
/* End PBXBuildFile section */

/* Begin PBXContainerItemProxy section */
		5FB495791CE736AD00E01C48 /* PBXContainerItemProxy */ = {
			isa = PBXContainerItemProxy;
			containerPortal = 5FB495591CE736AD00E01C48 /* Project object */;
			proxyType = 1;
			remoteGlobalIDString = 5FB495601CE736AD00E01C48;
			remoteInfo = WeatherAlert;
		};
		5FB495841CE736AD00E01C48 /* PBXContainerItemProxy */ = {
			isa = PBXContainerItemProxy;
			containerPortal = 5FB495591CE736AD00E01C48 /* Project object */;
			proxyType = 1;
			remoteGlobalIDString = 5FB495601CE736AD00E01C48;
			remoteInfo = WeatherAlert;
		};
/* End PBXContainerItemProxy section */

/* Begin PBXFileReference section */
		0A7A5E7D6221FC0AFCA7F66B /* Pods-WeatherAlertUITests.debug.xcconfig */ = {isa = PBXFileReference; includeInIndex = 1; lastKnownFileType = text.xcconfig; name = "Pods-WeatherAlertUITests.debug.xcconfig"; path = "Pods/Target Support Files/Pods-WeatherAlertUITests/Pods-WeatherAlertUITests.debug.xcconfig"; sourceTree = "<group>"; };
		0ACD7FA48F798C8668652951 /* Pods-WeatherAlert.release.xcconfig */ = {isa = PBXFileReference; includeInIndex = 1; lastKnownFileType = text.xcconfig; name = "Pods-WeatherAlert.release.xcconfig"; path = "Pods/Target Support Files/Pods-WeatherAlert/Pods-WeatherAlert.release.xcconfig"; sourceTree = "<group>"; };
		4EA52111F1B6109038B1C803 /* Pods_WeatherAlert.framework */ = {isa = PBXFileReference; explicitFileType = wrapper.framework; includeInIndex = 0; path = Pods_WeatherAlert.framework; sourceTree = BUILT_PRODUCTS_DIR; };
		5A2222CFC717BD8B9CE9FD0D /* Pods_WeatherAlertTests.framework */ = {isa = PBXFileReference; explicitFileType = wrapper.framework; includeInIndex = 0; path = Pods_WeatherAlertTests.framework; sourceTree = BUILT_PRODUCTS_DIR; };
		5F13DFBF1CE7741F005F9403 /* city.list.json */ = {isa = PBXFileReference; fileEncoding = 4; lastKnownFileType = text.json; path = city.list.json; sourceTree = "<group>"; };
		5F3BD5201CE7F6630025BEBD /* WeatherTableViewController.swift */ = {isa = PBXFileReference; fileEncoding = 4; lastKnownFileType = sourcecode.swift; path = WeatherTableViewController.swift; sourceTree = "<group>"; };
		5F3BD5221CE86EAA0025BEBD /* CitiesSearchTableViewController.swift */ = {isa = PBXFileReference; fileEncoding = 4; lastKnownFileType = sourcecode.swift; path = CitiesSearchTableViewController.swift; sourceTree = "<group>"; };
		5F3BD5261CE88D030025BEBD /* CoreDataTests.swift */ = {isa = PBXFileReference; fileEncoding = 4; lastKnownFileType = sourcecode.swift; path = CoreDataTests.swift; sourceTree = "<group>"; };
		5F3BD5281CE89F810025BEBD /* CityWeatherObject.json */ = {isa = PBXFileReference; fileEncoding = 4; lastKnownFileType = text.json; path = CityWeatherObject.json; sourceTree = "<group>"; };
		5F3BD52B1CE8C4290025BEBD /* CoreDataManager.swift */ = {isa = PBXFileReference; fileEncoding = 4; lastKnownFileType = sourcecode.swift; path = CoreDataManager.swift; sourceTree = "<group>"; };
		5F3BD52E1CE8C68F0025BEBD /* Weather.swift */ = {isa = PBXFileReference; fileEncoding = 4; lastKnownFileType = sourcecode.swift; path = Weather.swift; sourceTree = "<group>"; };
		5F3BD5301CE8C68F0025BEBD /* Wind.swift */ = {isa = PBXFileReference; fileEncoding = 4; lastKnownFileType = sourcecode.swift; path = Wind.swift; sourceTree = "<group>"; };
		5F3BD5321CE8C68F0025BEBD /* CityWeather.swift */ = {isa = PBXFileReference; fileEncoding = 4; lastKnownFileType = sourcecode.swift; path = CityWeather.swift; sourceTree = "<group>"; };
		5F3BD5401CE8C7800025BEBD /* CityWeather+CoreDataProperties.swift */ = {isa = PBXFileReference; fileEncoding = 4; lastKnownFileType = sourcecode.swift; path = "CityWeather+CoreDataProperties.swift"; sourceTree = "<group>"; };
		5F3BD5411CE8C7800025BEBD /* Weather+CoreDataProperties.swift */ = {isa = PBXFileReference; fileEncoding = 4; lastKnownFileType = sourcecode.swift; path = "Weather+CoreDataProperties.swift"; sourceTree = "<group>"; };
		5F3BD5421CE8C7800025BEBD /* Wind+CoreDataProperties.swift */ = {isa = PBXFileReference; fileEncoding = 4; lastKnownFileType = sourcecode.swift; path = "Wind+CoreDataProperties.swift"; sourceTree = "<group>"; };
		5F3BD5461CE8D6BC0025BEBD /* CDExtensions.swift */ = {isa = PBXFileReference; fileEncoding = 4; lastKnownFileType = sourcecode.swift; path = CDExtensions.swift; sourceTree = "<group>"; };
		5FB495611CE736AD00E01C48 /* WeatherAlert.app */ = {isa = PBXFileReference; explicitFileType = wrapper.application; includeInIndex = 0; path = WeatherAlert.app; sourceTree = BUILT_PRODUCTS_DIR; };
		5FB495641CE736AD00E01C48 /* AppDelegate.swift */ = {isa = PBXFileReference; lastKnownFileType = sourcecode.swift; path = AppDelegate.swift; sourceTree = "<group>"; };
		5FB495691CE736AD00E01C48 /* Base */ = {isa = PBXFileReference; lastKnownFileType = file.storyboard; name = Base; path = Base.lproj/Main.storyboard; sourceTree = "<group>"; };
		5FB4956C1CE736AD00E01C48 /* WeatherAlert.xcdatamodel */ = {isa = PBXFileReference; lastKnownFileType = wrapper.xcdatamodel; path = WeatherAlert.xcdatamodel; sourceTree = "<group>"; };
		5FB4956E1CE736AD00E01C48 /* Assets.xcassets */ = {isa = PBXFileReference; lastKnownFileType = folder.assetcatalog; path = Assets.xcassets; sourceTree = "<group>"; };
		5FB495711CE736AD00E01C48 /* Base */ = {isa = PBXFileReference; lastKnownFileType = file.storyboard; name = Base; path = Base.lproj/LaunchScreen.storyboard; sourceTree = "<group>"; };
		5FB495731CE736AD00E01C48 /* Info.plist */ = {isa = PBXFileReference; lastKnownFileType = text.plist.xml; path = Info.plist; sourceTree = "<group>"; };
		5FB495781CE736AD00E01C48 /* WeatherAlertTests.xctest */ = {isa = PBXFileReference; explicitFileType = wrapper.cfbundle; includeInIndex = 0; path = WeatherAlertTests.xctest; sourceTree = BUILT_PRODUCTS_DIR; };
		5FB4957C1CE736AD00E01C48 /* WeatherAlertTests.swift */ = {isa = PBXFileReference; lastKnownFileType = sourcecode.swift; path = WeatherAlertTests.swift; sourceTree = "<group>"; };
		5FB4957E1CE736AD00E01C48 /* Info.plist */ = {isa = PBXFileReference; lastKnownFileType = text.plist.xml; path = Info.plist; sourceTree = "<group>"; };
		5FB495831CE736AD00E01C48 /* WeatherAlertUITests.xctest */ = {isa = PBXFileReference; explicitFileType = wrapper.cfbundle; includeInIndex = 0; path = WeatherAlertUITests.xctest; sourceTree = BUILT_PRODUCTS_DIR; };
		5FB495871CE736AD00E01C48 /* WeatherAlertUITests.swift */ = {isa = PBXFileReference; lastKnownFileType = sourcecode.swift; path = WeatherAlertUITests.swift; sourceTree = "<group>"; };
		5FB495891CE736AD00E01C48 /* Info.plist */ = {isa = PBXFileReference; lastKnownFileType = text.plist.xml; path = Info.plist; sourceTree = "<group>"; };
		5FB495951CE74B6500E01C48 /* CityListHandlerTests.swift */ = {isa = PBXFileReference; fileEncoding = 4; lastKnownFileType = sourcecode.swift; path = CityListHandlerTests.swift; sourceTree = "<group>"; };
		5FB4959B1CE7662300E01C48 /* CityListHandler.swift */ = {isa = PBXFileReference; fileEncoding = 4; lastKnownFileType = sourcecode.swift; path = CityListHandler.swift; sourceTree = "<group>"; };
		5FB4959D1CE7684100E01C48 /* City.swift */ = {isa = PBXFileReference; fileEncoding = 4; lastKnownFileType = sourcecode.swift; path = City.swift; sourceTree = "<group>"; };
		5FC6AA4D1CE8F947002A7AF0 /* APITests.swift */ = {isa = PBXFileReference; fileEncoding = 4; lastKnownFileType = sourcecode.swift; path = APITests.swift; sourceTree = "<group>"; };
		5FC6AA501CE8FA5D002A7AF0 /* API.swift */ = {isa = PBXFileReference; fileEncoding = 4; lastKnownFileType = sourcecode.swift; path = API.swift; sourceTree = "<group>"; };
		B2A47B0FC437315FBADD7075 /* Pods_WeatherAlertUITests.framework */ = {isa = PBXFileReference; explicitFileType = wrapper.framework; includeInIndex = 0; path = Pods_WeatherAlertUITests.framework; sourceTree = BUILT_PRODUCTS_DIR; };
		B9C6AEF96F35EEE128232720 /* Pods-WeatherAlertUITests.release.xcconfig */ = {isa = PBXFileReference; includeInIndex = 1; lastKnownFileType = text.xcconfig; name = "Pods-WeatherAlertUITests.release.xcconfig"; path = "Pods/Target Support Files/Pods-WeatherAlertUITests/Pods-WeatherAlertUITests.release.xcconfig"; sourceTree = "<group>"; };
		C95C4F59E324D9E2D60F7FB4 /* Pods-WeatherAlert.debug.xcconfig */ = {isa = PBXFileReference; includeInIndex = 1; lastKnownFileType = text.xcconfig; name = "Pods-WeatherAlert.debug.xcconfig"; path = "Pods/Target Support Files/Pods-WeatherAlert/Pods-WeatherAlert.debug.xcconfig"; sourceTree = "<group>"; };
		E6A5D05DE4411F2014171E82 /* Pods-WeatherAlertTests.release.xcconfig */ = {isa = PBXFileReference; includeInIndex = 1; lastKnownFileType = text.xcconfig; name = "Pods-WeatherAlertTests.release.xcconfig"; path = "Pods/Target Support Files/Pods-WeatherAlertTests/Pods-WeatherAlertTests.release.xcconfig"; sourceTree = "<group>"; };
		E9B5264141A7DC84FC83685F /* Pods-WeatherAlertTests.debug.xcconfig */ = {isa = PBXFileReference; includeInIndex = 1; lastKnownFileType = text.xcconfig; name = "Pods-WeatherAlertTests.debug.xcconfig"; path = "Pods/Target Support Files/Pods-WeatherAlertTests/Pods-WeatherAlertTests.debug.xcconfig"; sourceTree = "<group>"; };
/* End PBXFileReference section */

/* Begin PBXFrameworksBuildPhase section */
		5FB4955E1CE736AD00E01C48 /* Frameworks */ = {
			isa = PBXFrameworksBuildPhase;
			buildActionMask = 2147483647;
			files = (
				55E6F4BD797849499A262428 /* Pods_WeatherAlert.framework in Frameworks */,
			);
			runOnlyForDeploymentPostprocessing = 0;
		};
		5FB495751CE736AD00E01C48 /* Frameworks */ = {
			isa = PBXFrameworksBuildPhase;
			buildActionMask = 2147483647;
			files = (
				0FF3B6601E1DBF7D01B6AB9C /* Pods_WeatherAlertTests.framework in Frameworks */,
			);
			runOnlyForDeploymentPostprocessing = 0;
		};
		5FB495801CE736AD00E01C48 /* Frameworks */ = {
			isa = PBXFrameworksBuildPhase;
			buildActionMask = 2147483647;
			files = (
				CEF479777F28FC5215F5C022 /* Pods_WeatherAlertUITests.framework in Frameworks */,
			);
			runOnlyForDeploymentPostprocessing = 0;
		};
/* End PBXFrameworksBuildPhase section */

/* Begin PBXGroup section */
		3D3A74831A6442CCD907E0A7 /* Frameworks */ = {
			isa = PBXGroup;
			children = (
				4EA52111F1B6109038B1C803 /* Pods_WeatherAlert.framework */,
				5A2222CFC717BD8B9CE9FD0D /* Pods_WeatherAlertTests.framework */,
				B2A47B0FC437315FBADD7075 /* Pods_WeatherAlertUITests.framework */,
			);
			name = Frameworks;
			sourceTree = "<group>";
		};
		56D7BEBA1D800E4279F5DF19 /* Pods */ = {
			isa = PBXGroup;
			children = (
				C95C4F59E324D9E2D60F7FB4 /* Pods-WeatherAlert.debug.xcconfig */,
				0ACD7FA48F798C8668652951 /* Pods-WeatherAlert.release.xcconfig */,
				E9B5264141A7DC84FC83685F /* Pods-WeatherAlertTests.debug.xcconfig */,
				E6A5D05DE4411F2014171E82 /* Pods-WeatherAlertTests.release.xcconfig */,
				0A7A5E7D6221FC0AFCA7F66B /* Pods-WeatherAlertUITests.debug.xcconfig */,
				B9C6AEF96F35EEE128232720 /* Pods-WeatherAlertUITests.release.xcconfig */,
			);
			name = Pods;
			sourceTree = "<group>";
		};
		5F3BD52A1CE8C3F80025BEBD /* CoreData */ = {
			isa = PBXGroup;
			children = (
				5F3BD5391CE8C6960025BEBD /* Entities */,
				5F3BD52B1CE8C4290025BEBD /* CoreDataManager.swift */,
			);
			name = CoreData;
			sourceTree = "<group>";
		};
		5F3BD5391CE8C6960025BEBD /* Entities */ = {
			isa = PBXGroup;
			children = (
				5F3BD52E1CE8C68F0025BEBD /* Weather.swift */,
				5F3BD5301CE8C68F0025BEBD /* Wind.swift */,
				5F3BD5321CE8C68F0025BEBD /* CityWeather.swift */,
				5F3BD5401CE8C7800025BEBD /* CityWeather+CoreDataProperties.swift */,
				5F3BD5411CE8C7800025BEBD /* Weather+CoreDataProperties.swift */,
				5F3BD5421CE8C7800025BEBD /* Wind+CoreDataProperties.swift */,
				5F3BD5461CE8D6BC0025BEBD /* CDExtensions.swift */,
			);
			name = Entities;
			sourceTree = "<group>";
		};
		5FB495581CE736AD00E01C48 = {
			isa = PBXGroup;
			children = (
				5FB495631CE736AD00E01C48 /* WeatherAlert */,
				5FB4957B1CE736AD00E01C48 /* WeatherAlertTests */,
				5FB495861CE736AD00E01C48 /* WeatherAlertUITests */,
				5FB495621CE736AD00E01C48 /* Products */,
				56D7BEBA1D800E4279F5DF19 /* Pods */,
				3D3A74831A6442CCD907E0A7 /* Frameworks */,
			);
			sourceTree = "<group>";
		};
		5FB495621CE736AD00E01C48 /* Products */ = {
			isa = PBXGroup;
			children = (
				5FB495611CE736AD00E01C48 /* WeatherAlert.app */,
				5FB495781CE736AD00E01C48 /* WeatherAlertTests.xctest */,
				5FB495831CE736AD00E01C48 /* WeatherAlertUITests.xctest */,
			);
			name = Products;
			sourceTree = "<group>";
		};
		5FB495631CE736AD00E01C48 /* WeatherAlert */ = {
			isa = PBXGroup;
			children = (
				5FC6AA4F1CE8FA4D002A7AF0 /* API */,
				5F3BD52A1CE8C3F80025BEBD /* CoreData */,
				5FB4959A1CE765FF00E01C48 /* CityHandler */,
				5FB495641CE736AD00E01C48 /* AppDelegate.swift */,
				5F3BD5201CE7F6630025BEBD /* WeatherTableViewController.swift */,
				5F3BD5221CE86EAA0025BEBD /* CitiesSearchTableViewController.swift */,
				5FB495681CE736AD00E01C48 /* Main.storyboard */,
				5FB4956E1CE736AD00E01C48 /* Assets.xcassets */,
				5FB495701CE736AD00E01C48 /* LaunchScreen.storyboard */,
				5FB495731CE736AD00E01C48 /* Info.plist */,
				5FB4956B1CE736AD00E01C48 /* WeatherAlert.xcdatamodeld */,
			);
			path = WeatherAlert;
			sourceTree = "<group>";
		};
		5FB4957B1CE736AD00E01C48 /* WeatherAlertTests */ = {
			isa = PBXGroup;
			children = (
				5FC6AA521CE91279002A7AF0 /* Test Payload */,
				5FB4957C1CE736AD00E01C48 /* WeatherAlertTests.swift */,
				5FB4957E1CE736AD00E01C48 /* Info.plist */,
				5FB495951CE74B6500E01C48 /* CityListHandlerTests.swift */,
				5F3BD5261CE88D030025BEBD /* CoreDataTests.swift */,
				5FC6AA4D1CE8F947002A7AF0 /* APITests.swift */,
			);
			path = WeatherAlertTests;
			sourceTree = "<group>";
		};
		5FB495861CE736AD00E01C48 /* WeatherAlertUITests */ = {
			isa = PBXGroup;
			children = (
				5FB495871CE736AD00E01C48 /* WeatherAlertUITests.swift */,
				5FB495891CE736AD00E01C48 /* Info.plist */,
			);
			path = WeatherAlertUITests;
			sourceTree = "<group>";
		};
		5FB4959A1CE765FF00E01C48 /* CityHandler */ = {
			isa = PBXGroup;
			children = (
				5F13DFBF1CE7741F005F9403 /* city.list.json */,
				5FB4959B1CE7662300E01C48 /* CityListHandler.swift */,
				5FB4959D1CE7684100E01C48 /* City.swift */,
			);
			name = CityHandler;
			sourceTree = "<group>";
		};
		5FC6AA4F1CE8FA4D002A7AF0 /* API */ = {
			isa = PBXGroup;
			children = (
				5FC6AA501CE8FA5D002A7AF0 /* API.swift */,
			);
			name = API;
			sourceTree = "<group>";
		};
		5FC6AA521CE91279002A7AF0 /* Test Payload */ = {
			isa = PBXGroup;
			children = (
				5F3BD5281CE89F810025BEBD /* CityWeatherObject.json */,
			);
			name = "Test Payload";
			sourceTree = "<group>";
		};
/* End PBXGroup section */

/* Begin PBXNativeTarget section */
		5FB495601CE736AD00E01C48 /* WeatherAlert */ = {
			isa = PBXNativeTarget;
			buildConfigurationList = 5FB4958C1CE736AD00E01C48 /* Build configuration list for PBXNativeTarget "WeatherAlert" */;
			buildPhases = (
				3B2D720280F59A35B3F1951F /* 📦 Check Pods Manifest.lock */,
				5FB4955D1CE736AD00E01C48 /* Sources */,
				5FB4955E1CE736AD00E01C48 /* Frameworks */,
				5FB4955F1CE736AD00E01C48 /* Resources */,
				249C83108DC7A9BC4C3F2AF9 /* 📦 Embed Pods Frameworks */,
				E81698A5CF9AE45B842EE253 /* 📦 Copy Pods Resources */,
			);
			buildRules = (
			);
			dependencies = (
			);
			name = WeatherAlert;
			productName = WeatherAlert;
			productReference = 5FB495611CE736AD00E01C48 /* WeatherAlert.app */;
			productType = "com.apple.product-type.application";
		};
		5FB495771CE736AD00E01C48 /* WeatherAlertTests */ = {
			isa = PBXNativeTarget;
			buildConfigurationList = 5FB4958F1CE736AD00E01C48 /* Build configuration list for PBXNativeTarget "WeatherAlertTests" */;
			buildPhases = (
				2C84D493B2357B598AF7429C /* 📦 Check Pods Manifest.lock */,
				5FB495741CE736AD00E01C48 /* Sources */,
				5FB495751CE736AD00E01C48 /* Frameworks */,
				5FB495761CE736AD00E01C48 /* Resources */,
				086F6B069C02155603B2BDCB /* 📦 Embed Pods Frameworks */,
				FE555BE288A41596140AEB9B /* 📦 Copy Pods Resources */,
			);
			buildRules = (
			);
			dependencies = (
				5FB4957A1CE736AD00E01C48 /* PBXTargetDependency */,
			);
			name = WeatherAlertTests;
			productName = WeatherAlertTests;
			productReference = 5FB495781CE736AD00E01C48 /* WeatherAlertTests.xctest */;
			productType = "com.apple.product-type.bundle.unit-test";
		};
		5FB495821CE736AD00E01C48 /* WeatherAlertUITests */ = {
			isa = PBXNativeTarget;
			buildConfigurationList = 5FB495921CE736AD00E01C48 /* Build configuration list for PBXNativeTarget "WeatherAlertUITests" */;
			buildPhases = (
				B85E84A748F066FC483106DF /* 📦 Check Pods Manifest.lock */,
				5FB4957F1CE736AD00E01C48 /* Sources */,
				5FB495801CE736AD00E01C48 /* Frameworks */,
				5FB495811CE736AD00E01C48 /* Resources */,
				BE9150C91580E37E864FEB2F /* 📦 Copy Pods Resources */,
			);
			buildRules = (
			);
			dependencies = (
				5FB495851CE736AD00E01C48 /* PBXTargetDependency */,
			);
			name = WeatherAlertUITests;
			productName = WeatherAlertUITests;
			productReference = 5FB495831CE736AD00E01C48 /* WeatherAlertUITests.xctest */;
			productType = "com.apple.product-type.bundle.ui-testing";
		};
/* End PBXNativeTarget section */

/* Begin PBXProject section */
		5FB495591CE736AD00E01C48 /* Project object */ = {
			isa = PBXProject;
			attributes = {
				LastSwiftUpdateCheck = 0730;
				LastUpgradeCheck = 0730;
				ORGANIZATIONNAME = "Motionly Ltd";
				TargetAttributes = {
					5FB495601CE736AD00E01C48 = {
						CreatedOnToolsVersion = 7.3;
					};
					5FB495771CE736AD00E01C48 = {
						CreatedOnToolsVersion = 7.3;
						TestTargetID = 5FB495601CE736AD00E01C48;
					};
					5FB495821CE736AD00E01C48 = {
						CreatedOnToolsVersion = 7.3;
						TestTargetID = 5FB495601CE736AD00E01C48;
					};
				};
			};
			buildConfigurationList = 5FB4955C1CE736AD00E01C48 /* Build configuration list for PBXProject "WeatherAlert" */;
			compatibilityVersion = "Xcode 3.2";
			developmentRegion = English;
			hasScannedForEncodings = 0;
			knownRegions = (
				en,
				Base,
			);
			mainGroup = 5FB495581CE736AD00E01C48;
			productRefGroup = 5FB495621CE736AD00E01C48 /* Products */;
			projectDirPath = "";
			projectRoot = "";
			targets = (
				5FB495601CE736AD00E01C48 /* WeatherAlert */,
				5FB495771CE736AD00E01C48 /* WeatherAlertTests */,
				5FB495821CE736AD00E01C48 /* WeatherAlertUITests */,
			);
		};
/* End PBXProject section */

/* Begin PBXResourcesBuildPhase section */
		5FB4955F1CE736AD00E01C48 /* Resources */ = {
			isa = PBXResourcesBuildPhase;
			buildActionMask = 2147483647;
			files = (
				5FB495721CE736AD00E01C48 /* LaunchScreen.storyboard in Resources */,
				5F13DFC01CE7741F005F9403 /* city.list.json in Resources */,
				5FB4956F1CE736AD00E01C48 /* Assets.xcassets in Resources */,
				5FB4956A1CE736AD00E01C48 /* Main.storyboard in Resources */,
			);
			runOnlyForDeploymentPostprocessing = 0;
		};
		5FB495761CE736AD00E01C48 /* Resources */ = {
			isa = PBXResourcesBuildPhase;
			buildActionMask = 2147483647;
			files = (
				5F3BD5291CE89F810025BEBD /* CityWeatherObject.json in Resources */,
			);
			runOnlyForDeploymentPostprocessing = 0;
		};
		5FB495811CE736AD00E01C48 /* Resources */ = {
			isa = PBXResourcesBuildPhase;
			buildActionMask = 2147483647;
			files = (
			);
			runOnlyForDeploymentPostprocessing = 0;
		};
/* End PBXResourcesBuildPhase section */

/* Begin PBXShellScriptBuildPhase section */
		086F6B069C02155603B2BDCB /* 📦 Embed Pods Frameworks */ = {
			isa = PBXShellScriptBuildPhase;
			buildActionMask = 2147483647;
			files = (
			);
			inputPaths = (
			);
			name = "📦 Embed Pods Frameworks";
			outputPaths = (
			);
			runOnlyForDeploymentPostprocessing = 0;
			shellPath = /bin/sh;
			shellScript = "\"${SRCROOT}/Pods/Target Support Files/Pods-WeatherAlertTests/Pods-WeatherAlertTests-frameworks.sh\"\n";
			showEnvVarsInLog = 0;
		};
		249C83108DC7A9BC4C3F2AF9 /* 📦 Embed Pods Frameworks */ = {
			isa = PBXShellScriptBuildPhase;
			buildActionMask = 2147483647;
			files = (
			);
			inputPaths = (
			);
			name = "📦 Embed Pods Frameworks";
			outputPaths = (
			);
			runOnlyForDeploymentPostprocessing = 0;
			shellPath = /bin/sh;
			shellScript = "\"${SRCROOT}/Pods/Target Support Files/Pods-WeatherAlert/Pods-WeatherAlert-frameworks.sh\"\n";
			showEnvVarsInLog = 0;
		};
		2C84D493B2357B598AF7429C /* 📦 Check Pods Manifest.lock */ = {
			isa = PBXShellScriptBuildPhase;
			buildActionMask = 2147483647;
			files = (
			);
			inputPaths = (
			);
			name = "📦 Check Pods Manifest.lock";
			outputPaths = (
			);
			runOnlyForDeploymentPostprocessing = 0;
			shellPath = /bin/sh;
			shellScript = "diff \"${PODS_ROOT}/../Podfile.lock\" \"${PODS_ROOT}/Manifest.lock\" > /dev/null\nif [[ $? != 0 ]] ; then\n    cat << EOM\nerror: The sandbox is not in sync with the Podfile.lock. Run 'pod install' or update your CocoaPods installation.\nEOM\n    exit 1\nfi\n";
			showEnvVarsInLog = 0;
		};
		3B2D720280F59A35B3F1951F /* 📦 Check Pods Manifest.lock */ = {
			isa = PBXShellScriptBuildPhase;
			buildActionMask = 2147483647;
			files = (
			);
			inputPaths = (
			);
			name = "📦 Check Pods Manifest.lock";
			outputPaths = (
			);
			runOnlyForDeploymentPostprocessing = 0;
			shellPath = /bin/sh;
			shellScript = "diff \"${PODS_ROOT}/../Podfile.lock\" \"${PODS_ROOT}/Manifest.lock\" > /dev/null\nif [[ $? != 0 ]] ; then\n    cat << EOM\nerror: The sandbox is not in sync with the Podfile.lock. Run 'pod install' or update your CocoaPods installation.\nEOM\n    exit 1\nfi\n";
			showEnvVarsInLog = 0;
		};
		B85E84A748F066FC483106DF /* 📦 Check Pods Manifest.lock */ = {
			isa = PBXShellScriptBuildPhase;
			buildActionMask = 2147483647;
			files = (
			);
			inputPaths = (
			);
			name = "📦 Check Pods Manifest.lock";
			outputPaths = (
			);
			runOnlyForDeploymentPostprocessing = 0;
			shellPath = /bin/sh;
			shellScript = "diff \"${PODS_ROOT}/../Podfile.lock\" \"${PODS_ROOT}/Manifest.lock\" > /dev/null\nif [[ $? != 0 ]] ; then\n    cat << EOM\nerror: The sandbox is not in sync with the Podfile.lock. Run 'pod install' or update your CocoaPods installation.\nEOM\n    exit 1\nfi\n";
			showEnvVarsInLog = 0;
		};
		BE9150C91580E37E864FEB2F /* 📦 Copy Pods Resources */ = {
			isa = PBXShellScriptBuildPhase;
			buildActionMask = 2147483647;
			files = (
			);
			inputPaths = (
			);
			name = "📦 Copy Pods Resources";
			outputPaths = (
			);
			runOnlyForDeploymentPostprocessing = 0;
			shellPath = /bin/sh;
			shellScript = "\"${SRCROOT}/Pods/Target Support Files/Pods-WeatherAlertUITests/Pods-WeatherAlertUITests-resources.sh\"\n";
			showEnvVarsInLog = 0;
		};
		E81698A5CF9AE45B842EE253 /* 📦 Copy Pods Resources */ = {
			isa = PBXShellScriptBuildPhase;
			buildActionMask = 2147483647;
			files = (
			);
			inputPaths = (
			);
			name = "📦 Copy Pods Resources";
			outputPaths = (
			);
			runOnlyForDeploymentPostprocessing = 0;
			shellPath = /bin/sh;
			shellScript = "\"${SRCROOT}/Pods/Target Support Files/Pods-WeatherAlert/Pods-WeatherAlert-resources.sh\"\n";
			showEnvVarsInLog = 0;
		};
		FE555BE288A41596140AEB9B /* 📦 Copy Pods Resources */ = {
			isa = PBXShellScriptBuildPhase;
			buildActionMask = 2147483647;
			files = (
			);
			inputPaths = (
			);
			name = "📦 Copy Pods Resources";
			outputPaths = (
			);
			runOnlyForDeploymentPostprocessing = 0;
			shellPath = /bin/sh;
			shellScript = "\"${SRCROOT}/Pods/Target Support Files/Pods-WeatherAlertTests/Pods-WeatherAlertTests-resources.sh\"\n";
			showEnvVarsInLog = 0;
		};
/* End PBXShellScriptBuildPhase section */

/* Begin PBXSourcesBuildPhase section */
		5FB4955D1CE736AD00E01C48 /* Sources */ = {
			isa = PBXSourcesBuildPhase;
			buildActionMask = 2147483647;
			files = (
				5F3BD5341CE8C68F0025BEBD /* Weather.swift in Sources */,
				5F3BD5451CE8C7800025BEBD /* Wind+CoreDataProperties.swift in Sources */,
				5F3BD5361CE8C68F0025BEBD /* Wind.swift in Sources */,
				5F3BD52C1CE8C4290025BEBD /* CoreDataManager.swift in Sources */,
				5FC6AA511CE8FA5D002A7AF0 /* API.swift in Sources */,
				5F3BD5441CE8C7800025BEBD /* Weather+CoreDataProperties.swift in Sources */,
				5FB495651CE736AD00E01C48 /* AppDelegate.swift in Sources */,
				5F3BD5431CE8C7800025BEBD /* CityWeather+CoreDataProperties.swift in Sources */,
				5F3BD5381CE8C68F0025BEBD /* CityWeather.swift in Sources */,
				5F3BD5471CE8D6BC0025BEBD /* CDExtensions.swift in Sources */,
				5F3BD5211CE7F6630025BEBD /* WeatherTableViewController.swift in Sources */,
				5F3BD5251CE8702C0025BEBD /* City.swift in Sources */,
				5F3BD5241CE870290025BEBD /* CityListHandler.swift in Sources */,
				5F3BD5231CE86EAA0025BEBD /* CitiesSearchTableViewController.swift in Sources */,
				5FB4956D1CE736AD00E01C48 /* WeatherAlert.xcdatamodeld in Sources */,
			);
			runOnlyForDeploymentPostprocessing = 0;
		};
		5FB495741CE736AD00E01C48 /* Sources */ = {
			isa = PBXSourcesBuildPhase;
			buildActionMask = 2147483647;
			files = (
				5FB4957D1CE736AD00E01C48 /* WeatherAlertTests.swift in Sources */,
				5FB495961CE74B6500E01C48 /* CityListHandlerTests.swift in Sources */,
				5FC6AA4E1CE8F947002A7AF0 /* APITests.swift in Sources */,
				5F3BD5271CE88D030025BEBD /* CoreDataTests.swift in Sources */,
			);
			runOnlyForDeploymentPostprocessing = 0;
		};
		5FB4957F1CE736AD00E01C48 /* Sources */ = {
			isa = PBXSourcesBuildPhase;
			buildActionMask = 2147483647;
			files = (
				5FB495881CE736AD00E01C48 /* WeatherAlertUITests.swift in Sources */,
			);
			runOnlyForDeploymentPostprocessing = 0;
		};
/* End PBXSourcesBuildPhase section */

/* Begin PBXTargetDependency section */
		5FB4957A1CE736AD00E01C48 /* PBXTargetDependency */ = {
			isa = PBXTargetDependency;
			target = 5FB495601CE736AD00E01C48 /* WeatherAlert */;
			targetProxy = 5FB495791CE736AD00E01C48 /* PBXContainerItemProxy */;
		};
		5FB495851CE736AD00E01C48 /* PBXTargetDependency */ = {
			isa = PBXTargetDependency;
			target = 5FB495601CE736AD00E01C48 /* WeatherAlert */;
			targetProxy = 5FB495841CE736AD00E01C48 /* PBXContainerItemProxy */;
		};
/* End PBXTargetDependency section */

/* Begin PBXVariantGroup section */
		5FB495681CE736AD00E01C48 /* Main.storyboard */ = {
			isa = PBXVariantGroup;
			children = (
				5FB495691CE736AD00E01C48 /* Base */,
			);
			name = Main.storyboard;
			sourceTree = "<group>";
		};
		5FB495701CE736AD00E01C48 /* LaunchScreen.storyboard */ = {
			isa = PBXVariantGroup;
			children = (
				5FB495711CE736AD00E01C48 /* Base */,
			);
			name = LaunchScreen.storyboard;
			sourceTree = "<group>";
		};
/* End PBXVariantGroup section */

/* Begin XCBuildConfiguration section */
		5FB4958A1CE736AD00E01C48 /* Debug */ = {
			isa = XCBuildConfiguration;
			buildSettings = {
				ALWAYS_SEARCH_USER_PATHS = NO;
				CLANG_ANALYZER_NONNULL = YES;
				CLANG_CXX_LANGUAGE_STANDARD = "gnu++0x";
				CLANG_CXX_LIBRARY = "libc++";
				CLANG_ENABLE_MODULES = YES;
				CLANG_ENABLE_OBJC_ARC = YES;
				CLANG_WARN_BOOL_CONVERSION = YES;
				CLANG_WARN_CONSTANT_CONVERSION = YES;
				CLANG_WARN_DIRECT_OBJC_ISA_USAGE = YES_ERROR;
				CLANG_WARN_EMPTY_BODY = YES;
				CLANG_WARN_ENUM_CONVERSION = YES;
				CLANG_WARN_INT_CONVERSION = YES;
				CLANG_WARN_OBJC_ROOT_CLASS = YES_ERROR;
				CLANG_WARN_UNREACHABLE_CODE = YES;
				CLANG_WARN__DUPLICATE_METHOD_MATCH = YES;
				"CODE_SIGN_IDENTITY[sdk=iphoneos*]" = "iPhone Developer";
				COPY_PHASE_STRIP = NO;
				DEBUG_INFORMATION_FORMAT = dwarf;
				ENABLE_STRICT_OBJC_MSGSEND = YES;
				ENABLE_TESTABILITY = YES;
				GCC_C_LANGUAGE_STANDARD = gnu99;
				GCC_DYNAMIC_NO_PIC = NO;
				GCC_NO_COMMON_BLOCKS = YES;
				GCC_OPTIMIZATION_LEVEL = 0;
				GCC_PREPROCESSOR_DEFINITIONS = (
					"DEBUG=1",
					"$(inherited)",
				);
				GCC_WARN_64_TO_32_BIT_CONVERSION = YES;
				GCC_WARN_ABOUT_RETURN_TYPE = YES_ERROR;
				GCC_WARN_UNDECLARED_SELECTOR = YES;
				GCC_WARN_UNINITIALIZED_AUTOS = YES_AGGRESSIVE;
				GCC_WARN_UNUSED_FUNCTION = YES;
				GCC_WARN_UNUSED_VARIABLE = YES;
				IPHONEOS_DEPLOYMENT_TARGET = 9.3;
				MTL_ENABLE_DEBUG_INFO = YES;
				ONLY_ACTIVE_ARCH = YES;
				SDKROOT = iphoneos;
				SWIFT_OPTIMIZATION_LEVEL = "-Onone";
			};
			name = Debug;
		};
		5FB4958B1CE736AD00E01C48 /* Release */ = {
			isa = XCBuildConfiguration;
			buildSettings = {
				ALWAYS_SEARCH_USER_PATHS = NO;
				CLANG_ANALYZER_NONNULL = YES;
				CLANG_CXX_LANGUAGE_STANDARD = "gnu++0x";
				CLANG_CXX_LIBRARY = "libc++";
				CLANG_ENABLE_MODULES = YES;
				CLANG_ENABLE_OBJC_ARC = YES;
				CLANG_WARN_BOOL_CONVERSION = YES;
				CLANG_WARN_CONSTANT_CONVERSION = YES;
				CLANG_WARN_DIRECT_OBJC_ISA_USAGE = YES_ERROR;
				CLANG_WARN_EMPTY_BODY = YES;
				CLANG_WARN_ENUM_CONVERSION = YES;
				CLANG_WARN_INT_CONVERSION = YES;
				CLANG_WARN_OBJC_ROOT_CLASS = YES_ERROR;
				CLANG_WARN_UNREACHABLE_CODE = YES;
				CLANG_WARN__DUPLICATE_METHOD_MATCH = YES;
				"CODE_SIGN_IDENTITY[sdk=iphoneos*]" = "iPhone Developer";
				COPY_PHASE_STRIP = NO;
				DEBUG_INFORMATION_FORMAT = "dwarf-with-dsym";
				ENABLE_NS_ASSERTIONS = NO;
				ENABLE_STRICT_OBJC_MSGSEND = YES;
				GCC_C_LANGUAGE_STANDARD = gnu99;
				GCC_NO_COMMON_BLOCKS = YES;
				GCC_WARN_64_TO_32_BIT_CONVERSION = YES;
				GCC_WARN_ABOUT_RETURN_TYPE = YES_ERROR;
				GCC_WARN_UNDECLARED_SELECTOR = YES;
				GCC_WARN_UNINITIALIZED_AUTOS = YES_AGGRESSIVE;
				GCC_WARN_UNUSED_FUNCTION = YES;
				GCC_WARN_UNUSED_VARIABLE = YES;
				IPHONEOS_DEPLOYMENT_TARGET = 9.3;
				MTL_ENABLE_DEBUG_INFO = NO;
				SDKROOT = iphoneos;
				VALIDATE_PRODUCT = YES;
			};
			name = Release;
		};
		5FB4958D1CE736AD00E01C48 /* Debug */ = {
			isa = XCBuildConfiguration;
			baseConfigurationReference = C95C4F59E324D9E2D60F7FB4 /* Pods-WeatherAlert.debug.xcconfig */;
			buildSettings = {
				ASSETCATALOG_COMPILER_APPICON_NAME = AppIcon;
				INFOPLIST_FILE = WeatherAlert/Info.plist;
				IPHONEOS_DEPLOYMENT_TARGET = 8.0;
				LD_RUNPATH_SEARCH_PATHS = "$(inherited) @executable_path/Frameworks";
				PRODUCT_BUNDLE_IDENTIFIER = uk.co.motionly.WeatherAlert;
				PRODUCT_NAME = "$(TARGET_NAME)";
			};
			name = Debug;
		};
		5FB4958E1CE736AD00E01C48 /* Release */ = {
			isa = XCBuildConfiguration;
			baseConfigurationReference = 0ACD7FA48F798C8668652951 /* Pods-WeatherAlert.release.xcconfig */;
			buildSettings = {
				ASSETCATALOG_COMPILER_APPICON_NAME = AppIcon;
				INFOPLIST_FILE = WeatherAlert/Info.plist;
				IPHONEOS_DEPLOYMENT_TARGET = 8.0;
				LD_RUNPATH_SEARCH_PATHS = "$(inherited) @executable_path/Frameworks";
				PRODUCT_BUNDLE_IDENTIFIER = uk.co.motionly.WeatherAlert;
				PRODUCT_NAME = "$(TARGET_NAME)";
			};
			name = Release;
		};
		5FB495901CE736AD00E01C48 /* Debug */ = {
			isa = XCBuildConfiguration;
			baseConfigurationReference = E9B5264141A7DC84FC83685F /* Pods-WeatherAlertTests.debug.xcconfig */;
			buildSettings = {
				BUNDLE_LOADER = "$(TEST_HOST)";
				INFOPLIST_FILE = WeatherAlertTests/Info.plist;
				LD_RUNPATH_SEARCH_PATHS = "$(inherited) @executable_path/Frameworks @loader_path/Frameworks";
				PRODUCT_BUNDLE_IDENTIFIER = uk.co.motionly.WeatherAlertTests;
				PRODUCT_NAME = "$(TARGET_NAME)";
				TEST_HOST = "$(BUILT_PRODUCTS_DIR)/WeatherAlert.app/WeatherAlert";
			};
			name = Debug;
		};
		5FB495911CE736AD00E01C48 /* Release */ = {
			isa = XCBuildConfiguration;
			baseConfigurationReference = E6A5D05DE4411F2014171E82 /* Pods-WeatherAlertTests.release.xcconfig */;
			buildSettings = {
				BUNDLE_LOADER = "$(TEST_HOST)";
				INFOPLIST_FILE = WeatherAlertTests/Info.plist;
				LD_RUNPATH_SEARCH_PATHS = "$(inherited) @executable_path/Frameworks @loader_path/Frameworks";
				PRODUCT_BUNDLE_IDENTIFIER = uk.co.motionly.WeatherAlertTests;
				PRODUCT_NAME = "$(TARGET_NAME)";
				TEST_HOST = "$(BUILT_PRODUCTS_DIR)/WeatherAlert.app/WeatherAlert";
			};
			name = Release;
		};
		5FB495931CE736AD00E01C48 /* Debug */ = {
			isa = XCBuildConfiguration;
			baseConfigurationReference = 0A7A5E7D6221FC0AFCA7F66B /* Pods-WeatherAlertUITests.debug.xcconfig */;
			buildSettings = {
				INFOPLIST_FILE = WeatherAlertUITests/Info.plist;
				LD_RUNPATH_SEARCH_PATHS = "$(inherited) @executable_path/Frameworks @loader_path/Frameworks";
				PRODUCT_BUNDLE_IDENTIFIER = uk.co.motionly.WeatherAlertUITests;
				PRODUCT_NAME = "$(TARGET_NAME)";
				TEST_TARGET_NAME = WeatherAlert;
			};
			name = Debug;
		};
		5FB495941CE736AD00E01C48 /* Release */ = {
			isa = XCBuildConfiguration;
			baseConfigurationReference = B9C6AEF96F35EEE128232720 /* Pods-WeatherAlertUITests.release.xcconfig */;
			buildSettings = {
				INFOPLIST_FILE = WeatherAlertUITests/Info.plist;
				LD_RUNPATH_SEARCH_PATHS = "$(inherited) @executable_path/Frameworks @loader_path/Frameworks";
				PRODUCT_BUNDLE_IDENTIFIER = uk.co.motionly.WeatherAlertUITests;
				PRODUCT_NAME = "$(TARGET_NAME)";
				TEST_TARGET_NAME = WeatherAlert;
			};
			name = Release;
		};
/* End XCBuildConfiguration section */

/* Begin XCConfigurationList section */
		5FB4955C1CE736AD00E01C48 /* Build configuration list for PBXProject "WeatherAlert" */ = {
			isa = XCConfigurationList;
			buildConfigurations = (
				5FB4958A1CE736AD00E01C48 /* Debug */,
				5FB4958B1CE736AD00E01C48 /* Release */,
			);
			defaultConfigurationIsVisible = 0;
			defaultConfigurationName = Release;
		};
		5FB4958C1CE736AD00E01C48 /* Build configuration list for PBXNativeTarget "WeatherAlert" */ = {
			isa = XCConfigurationList;
			buildConfigurations = (
				5FB4958D1CE736AD00E01C48 /* Debug */,
				5FB4958E1CE736AD00E01C48 /* Release */,
			);
			defaultConfigurationIsVisible = 0;
			defaultConfigurationName = Release;
		};
		5FB4958F1CE736AD00E01C48 /* Build configuration list for PBXNativeTarget "WeatherAlertTests" */ = {
			isa = XCConfigurationList;
			buildConfigurations = (
				5FB495901CE736AD00E01C48 /* Debug */,
				5FB495911CE736AD00E01C48 /* Release */,
			);
			defaultConfigurationIsVisible = 0;
			defaultConfigurationName = Release;
		};
		5FB495921CE736AD00E01C48 /* Build configuration list for PBXNativeTarget "WeatherAlertUITests" */ = {
			isa = XCConfigurationList;
			buildConfigurations = (
				5FB495931CE736AD00E01C48 /* Debug */,
				5FB495941CE736AD00E01C48 /* Release */,
			);
			defaultConfigurationIsVisible = 0;
			defaultConfigurationName = Release;
		};
/* End XCConfigurationList section */

/* Begin XCVersionGroup section */
		5FB4956B1CE736AD00E01C48 /* WeatherAlert.xcdatamodeld */ = {
			isa = XCVersionGroup;
			children = (
				5FB4956C1CE736AD00E01C48 /* WeatherAlert.xcdatamodel */,
			);
			currentVersion = 5FB4956C1CE736AD00E01C48 /* WeatherAlert.xcdatamodel */;
			path = WeatherAlert.xcdatamodeld;
			sourceTree = "<group>";
			versionGroupType = wrapper.xcdatamodel;
		};
/* End XCVersionGroup section */
	};
	rootObject = 5FB495591CE736AD00E01C48 /* Project object */;
}
